{
  "name": "jkly-astro",
  "version": "1.0.0",
  "lockfileVersion": 3,
  "requires": true,
  "packages": {
    "": {
      "name": "jkly-astro",
      "version": "1.0.0",
      "dependencies": {
        "@astrojs/rss": "4.0.3",
        "astro": "4.10.2"
      }
    }
  },
  "dependencies": {
    "@astrojs/rss": {
      "version": "4.0.3",
      "requires": {
        "astro": "^4.0.0"
      }
    },
    "astro": {
      "version": "4.10.2"
    }
  }
}
